{
  "name": "housing-scraper",
  "lockfileVersion": 3,
  "requires": true,
  "packages": {
    "": {
      "dependencies": {
        "dr-housing-scraper": "file:../.."
      }
    },
    "../..": {
      "name": "dr-housing-scraper",
      "dependencies": {
        "cheerio": "^1.0.0",
        "commander": "^12.1.0",
        "zod": "^3.24.1"
      },
      "devDependencies": {
        "@types/node": "^20.17.0",
        "tsx": "^4.19.2",
        "typescript": "^5.7.0"
      }
    },
    "node_modules/dr-housing-scraper": {
      "resolved": "../..",
      "link": true
    }
  }
}
